
Microsoft Visual Studio Solution File, Format Version 12.00
# Visual Studio Version 17
VisualStudioVersion = 17.9.34728.123
MinimumVisualStudioVersion = 10.0.40219.1
Project("{FAE04EC0-301F-11D3-BF4B-00C04F79EFBC}") = "MagicVilla_API", "MagicVilla_API\MagicVilla_API.csproj", "{15DC9017-60CB-4553-B328-C42C143E2540}"
EndProject
Global
	GlobalSection(SolutionConfigurationPlatforms) = preSolution
		Debug|Any CPU = Debug|Any CPU
		Release|Any CPU = Release|Any CPU
	EndGlobalSection
	GlobalSection(ProjectConfigurationPlatforms) = postSolution
		{15DC9017-60CB-4553-B328-C42C143E2540}.Debug|Any CPU.ActiveCfg = Debug|Any CPU
		{15DC9017-60CB-4553-B328-C42C143E2540}.Debug|Any CPU.Build.0 = Debug|Any CPU
		{15DC9017-60CB-4553-B328-C42C143E2540}.Release|Any CPU.ActiveCfg = Release|Any CPU
		{15DC9017-60CB-4553-B328-C42C143E2540}.Release|Any CPU.Build.0 = Release|Any CPU
	EndGlobalSection
	GlobalSection(SolutionProperties) = preSolution
		HideSolutionNode = FALSE
	EndGlobalSection
	GlobalSection(ExtensibilityGlobals) = postSolution
		SolutionGuid = {DE76F7DE-A0C1-4342-9992-26D67B538299}
	EndGlobalSection
EndGlobal
